
Microsoft Visual Studio Solution File, Format Version 12.00
# Visual Studio Version 17
VisualStudioVersion = 17.1.32319.34
MinimumVisualStudioVersion = 10.0.40219.1
Project("{9A19103F-16F7-4668-BE54-9A1E7A4F7556}") = "Todo.Domain", "Todo.Domain\Todo.Domain.csproj", "{92E17C22-CD64-4B4D-BE4C-EE1BC45C4361}"
EndProject
Project("{9A19103F-16F7-4668-BE54-9A1E7A4F7556}") = "Todo.Domain.Tests", "Todo.Domain.Tests\Todo.Domain.Tests.csproj", "{28ED1B4A-4056-460E-ADFA-5C5F5CE0BC68}"
EndProject
Project("{9A19103F-16F7-4668-BE54-9A1E7A4F7556}") = "Todo.Domain.Api", "Todo.Domain.Api\Todo.Domain.Api.csproj", "{B92A4DAA-F7DB-420D-AF29-ACCED2BF8EFD}"
EndProject
Project("{9A19103F-16F7-4668-BE54-9A1E7A4F7556}") = "Todo.Domain.Infra", "Todo.Domain.Infra\Todo.Domain.Infra.csproj", "{D05FBCFF-A3C4-48EF-934F-4FC377DD7806}"
EndProject
Global
	GlobalSection(SolutionConfigurationPlatforms) = preSolution
		Debug|Any CPU = Debug|Any CPU
		Release|Any CPU = Release|Any CPU
	EndGlobalSection
	GlobalSection(ProjectConfigurationPlatforms) = postSolution
		{92E17C22-CD64-4B4D-BE4C-EE1BC45C4361}.Debug|Any CPU.ActiveCfg = Debug|Any CPU
		{92E17C22-CD64-4B4D-BE4C-EE1BC45C4361}.Debug|Any CPU.Build.0 = Debug|Any CPU
		{92E17C22-CD64-4B4D-BE4C-EE1BC45C4361}.Release|Any CPU.ActiveCfg = Release|Any CPU
		{92E17C22-CD64-4B4D-BE4C-EE1BC45C4361}.Release|Any CPU.Build.0 = Release|Any CPU
		{28ED1B4A-4056-460E-ADFA-5C5F5CE0BC68}.Debug|Any CPU.ActiveCfg = Debug|Any CPU
		{28ED1B4A-4056-460E-ADFA-5C5F5CE0BC68}.Debug|Any CPU.Build.0 = Debug|Any CPU
		{28ED1B4A-4056-460E-ADFA-5C5F5CE0BC68}.Release|Any CPU.ActiveCfg = Release|Any CPU
		{28ED1B4A-4056-460E-ADFA-5C5F5CE0BC68}.Release|Any CPU.Build.0 = Release|Any CPU
		{B92A4DAA-F7DB-420D-AF29-ACCED2BF8EFD}.Debug|Any CPU.ActiveCfg = Debug|Any CPU
		{B92A4DAA-F7DB-420D-AF29-ACCED2BF8EFD}.Debug|Any CPU.Build.0 = Debug|Any CPU
		{B92A4DAA-F7DB-420D-AF29-ACCED2BF8EFD}.Release|Any CPU.ActiveCfg = Release|Any CPU
		{B92A4DAA-F7DB-420D-AF29-ACCED2BF8EFD}.Release|Any CPU.Build.0 = Release|Any CPU
		{D05FBCFF-A3C4-48EF-934F-4FC377DD7806}.Debug|Any CPU.ActiveCfg = Debug|Any CPU
		{D05FBCFF-A3C4-48EF-934F-4FC377DD7806}.Debug|Any CPU.Build.0 = Debug|Any CPU
		{D05FBCFF-A3C4-48EF-934F-4FC377DD7806}.Release|Any CPU.ActiveCfg = Release|Any CPU
		{D05FBCFF-A3C4-48EF-934F-4FC377DD7806}.Release|Any CPU.Build.0 = Release|Any CPU
	EndGlobalSection
	GlobalSection(SolutionProperties) = preSolution
		HideSolutionNode = FALSE
	EndGlobalSection
	GlobalSection(ExtensibilityGlobals) = postSolution
		SolutionGuid = {1B3CC590-81D0-4E98-AA56-11212F618FD4}
	EndGlobalSection
EndGlobal
